PODS:
  - CocoaAsyncSocket (7.3.5)
  - CocoaHTTPServer (2.3):
    - CocoaAsyncSocket
    - CocoaLumberjack
  - CocoaLumberjack (2.0.0-beta):
    - CocoaLumberjack/CLI
    - CocoaLumberjack/Core
    - CocoaLumberjack/Extensions
  - CocoaLumberjack/CLI (2.0.0-beta):
    - CocoaLumberjack/Core
  - CocoaLumberjack/Core (2.0.0-beta)
  - CocoaLumberjack/Extensions (2.0.0-beta):
    - CocoaLumberjack/Core
  - GHUnitIOS (0.5.8)
  - KIF (3.0.7):
    - KIF/XCTest
  - KIF/XCTest (3.0.7)
  - Kiwi (2.3.0)
  - NLTHTTPStubServer (0.4.0):
    - CocoaHTTPServer (>= 2.3)
  - OCHamcrest (4.0.1)
  - OCMock (2.2.4)
  - OCMockito (1.3.0):
    - OCHamcrest (~> 4.0)
    - TPWeakProxy (~> 1.0)
  - TPWeakProxy (1.0.0)
  - tuneup_js (1.2.1)

DEPENDENCIES:
  - GHUnitIOS
  - GHUnitIOS (~> 0.5.8)
  - KIF (~> 3.0)
  - Kiwi
  - NLTHTTPStubServer
  - OCHamcrest (~> 4.0)
  - OCMock (~> 2.2)
  - OCMockito (~> 1.0)
  - tuneup_js

SPEC CHECKSUMS:
  CocoaAsyncSocket: 45bdbbc1c0a5ed0640ff4c42af325ba43a2f099a
  CocoaHTTPServer: 217df4cba4e48803db2480f97b805aaad2230dd1
  CocoaLumberjack: aadc76d7bd6c839ca84b38ed50cbf89d7cf8c693
  GHUnitIOS: 0fe5a01896673a7768ee76158fbae02ad8fde853
  KIF: 685ab7b49c1092732b7cb3106cc957366b01e225
  Kiwi: 54bece5b35564d9b8e03c608d926f1a22fcfc589
  NLTHTTPStubServer: 3e5f9a5e7ce69670a6b2a04578956cdc41c31e85
  OCHamcrest: b464725bbb48d0f1cd9c6f4ec3cb35fe0c4f2b94
  OCMock: 6db79185520e24f9f299548f2b8b07e41d881bd5
  OCMockito: eca2670b3ce4a457d316b046a36d6f2b980a4da7
  TPWeakProxy: a23251ba7fbe268c93f809cc072ef834f5063798
  tuneup_js: f50649368806307f4ef1a523ffe04ff09f5b0445

COCOAPODS: 0.33.1
