PODS:
  - CocoaAsyncSocket (7.3.5)
  - CocoaHTTPServer (2.3):
    - CocoaAsyncSocket
    - CocoaLumberjack
  - CocoaLumberjack (1.9.0):
    - CocoaLumberjack/Extensions
  - CocoaLumberjack/Core (1.9.0)
  - CocoaLumberjack/Extensions (1.9.0):
    - CocoaLumberjack/Core
  - GenerateTestCoverageFor_iOS7 (1.0.0)
  - GHUnitIOS (0.5.8)
  - KIF (3.0.5):
    - KIF/XCTest
  - KIF/XCTest (3.0.5)
  - Kiwi/ARC (2.2.4)
  - Kiwi/NonARC (2.2.4)
  - Kiwi/XCTest (2.2.4):
    - Kiwi/ARC
    - Kiwi/NonARC
  - NLTHTTPStubServer (0.4.0):
    - CocoaHTTPServer (>= 2.3)
  - OCHamcrest (4.0.1)
  - OCMock (2.2.4)
  - OCMockito (1.3.0):
    - OCHamcrest (~> 4.0)
    - TPWeakProxy (~> 1.0)
  - TPWeakProxy (1.0.0)
  - tuneup_js (1.2.0)

DEPENDENCIES:
  - GenerateTestCoverageFor_iOS7
  - GHUnitIOS
  - GHUnitIOS (~> 0.5.8)
  - KIF (~> 3.0)
  - Kiwi/XCTest
  - NLTHTTPStubServer
  - OCHamcrest (~> 4.0)
  - OCMock (~> 2.2)
  - OCMockito (~> 1.0)
  - tuneup_js

SPEC CHECKSUMS:
  CocoaAsyncSocket: 45bdbbc1c0a5ed0640ff4c42af325ba43a2f099a
  CocoaHTTPServer: 217df4cba4e48803db2480f97b805aaad2230dd1
  CocoaLumberjack: 5766cdd1d0a24bcf15a133c6023747346bf786dd
  GenerateTestCoverageFor_iOS7: f7e95c2e6641d49fbbba4c2b427611a28110935a
  GHUnitIOS: 0fe5a01896673a7768ee76158fbae02ad8fde853
  KIF: ad5ddd4e8cb213e6b3e2e166fba9308e3b542e6e
  Kiwi: c73667f2b84cbf36f1a3830267c5a4ae8dcbd8ba
  NLTHTTPStubServer: 3e5f9a5e7ce69670a6b2a04578956cdc41c31e85
  OCHamcrest: b464725bbb48d0f1cd9c6f4ec3cb35fe0c4f2b94
  OCMock: 6db79185520e24f9f299548f2b8b07e41d881bd5
  OCMockito: eca2670b3ce4a457d316b046a36d6f2b980a4da7
  TPWeakProxy: a23251ba7fbe268c93f809cc072ef834f5063798
  tuneup_js: 6480db5316a17f8793638d307fa0b6fd686f9cdc

COCOAPODS: 0.33.1
